PODS:
  - APExtensions (7.0.1):
    - APExtensions/Abstractions (= 7.0.1)
    - APExtensions/Core (= 7.0.1)
    - APExtensions/Storyboard (= 7.0.1)
    - APExtensions/ViewConfiguration (= 7.0.1)
    - APExtensions/ViewState (= 7.0.1)
  - APExtensions/Abstractions (7.0.1)
  - APExtensions/Core (7.0.1)
  - APExtensions/Storyboard (7.0.1)
  - APExtensions/ViewConfiguration (7.0.1)
  - APExtensions/ViewState (7.0.1)
  - BaseClasses (3.1.0)
  - FBSnapshotTestCase (2.1.4):
    - FBSnapshotTestCase/SwiftSupport (= 2.1.4)
  - FBSnapshotTestCase/Core (2.1.4)
  - FBSnapshotTestCase/SwiftSupport (2.1.4):
    - FBSnapshotTestCase/Core
  - iOSSnapshotTestCase (2.2.0):
    - iOSSnapshotTestCase/SwiftSupport (= 2.2.0)
  - iOSSnapshotTestCase/Core (2.2.0)
  - iOSSnapshotTestCase/SwiftSupport (2.2.0):
    - iOSSnapshotTestCase/Core
  - Nimble (7.3.4)
  - Nimble-Snapshots (6.4.1):
    - Nimble-Snapshots/Core (= 6.4.1)
  - Nimble-Snapshots/Core (6.4.1):
    - iOSSnapshotTestCase (~> 2.0)
    - Nimble (~> 7.0)
  - Quick (2.2.0)
  - StretchScrollView (4.3.0):
    - ViewState (>= 1.0.0)
  - ViewState (1.0.0)

DEPENDENCIES:
  - APExtensions
  - BaseClasses
  - FBSnapshotTestCase
  - Nimble
  - Nimble-Snapshots
  - Quick
  - StretchScrollView (from `../`)

SPEC REPOS:
  trunk:
    - APExtensions
    - BaseClasses
    - FBSnapshotTestCase
    - iOSSnapshotTestCase
    - Nimble
    - Nimble-Snapshots
    - Quick
    - ViewState

EXTERNAL SOURCES:
  StretchScrollView:
    :path: "../"

SPEC CHECKSUMS:
  APExtensions: 9a7a7b6ff5b9785b245962de89fbbdaf4c10f10e
  BaseClasses: a3c2cace2997e53612041c690528f945cb40fd37
  FBSnapshotTestCase: 094f9f314decbabe373b87cc339bea235a63e07a
  iOSSnapshotTestCase: 415bd84f9dbba4ff45fede49d800bc7332fbedac
  Nimble: 051e3d8912d40138fa5591c78594f95fb172af37
  Nimble-Snapshots: 438fb1a6fa3c655e246fc9ac375f6cd2964d759a
  Quick: 7fb19e13be07b5dfb3b90d4f9824c855a11af40e
  StretchScrollView: 97c3bdc3a62d388130488b81ce2a721d89ddd851
  ViewState: 78aa77483e74e592c22e841619b853bc686843be

PODFILE CHECKSUM: 7a8865d730b4d552663512cd793496b07b34dfff

COCOAPODS: 1.8.4
