// !$*UTF8*$!
{
	archiveVersion = 1;
	classes = {
	};
	objectVersion = 46;
	objects = {

/* Begin PBXBuildFile section */
		1981E400178D763E92618D81 /* Pods_StretchScrollView_Example.framework in Frameworks */ = {isa = PBXBuildFile; fileRef = 3FEFEFAD8AAFFAE83C40D7C3 /* Pods_StretchScrollView_Example.framework */; };
		607FACD61AFB9204008FA782 /* AppDelegate.swift in Sources */ = {isa = PBXBuildFile; fileRef = 607FACD51AFB9204008FA782 /* AppDelegate.swift */; };
		607FACD81AFB9204008FA782 /* ViewController.swift in Sources */ = {isa = PBXBuildFile; fileRef = 607FACD71AFB9204008FA782 /* ViewController.swift */; };
		607FACDB1AFB9204008FA782 /* Main.storyboard in Resources */ = {isa = PBXBuildFile; fileRef = 607FACD91AFB9204008FA782 /* Main.storyboard */; };
		607FACDD1AFB9204008FA782 /* Images.xcassets in Resources */ = {isa = PBXBuildFile; fileRef = 607FACDC1AFB9204008FA782 /* Images.xcassets */; };
		607FACE01AFB9204008FA782 /* LaunchScreen.xib in Resources */ = {isa = PBXBuildFile; fileRef = 607FACDE1AFB9204008FA782 /* LaunchScreen.xib */; };
		607FACEC1AFB9204008FA782 /* Tests.swift in Sources */ = {isa = PBXBuildFile; fileRef = 607FACEB1AFB9204008FA782 /* Tests.swift */; };
		AE66E9E765FE48F8F42F99C7 /* Pods_StretchScrollView_Tests.framework in Frameworks */ = {isa = PBXBuildFile; fileRef = 60918A1E510DF6447EEA1A17 /* Pods_StretchScrollView_Tests.framework */; };
		B078A08221ECC8E90005EC15 /* FromCodeVC.swift in Sources */ = {isa = PBXBuildFile; fileRef = B078A08121ECC8E90005EC15 /* FromCodeVC.swift */; };
		B0A072CE1F39DF4A001B8CC6 /* contentMode.png in Resources */ = {isa = PBXBuildFile; fileRef = B0A072CD1F39DF4A001B8CC6 /* contentMode.png */; };
		B0A072D21F39E929001B8CC6 /* constraints2.png in Resources */ = {isa = PBXBuildFile; fileRef = B0A072D11F39E929001B8CC6 /* constraints2.png */; };
		B0A072D41F39EBAE001B8CC6 /* constraints.png in Resources */ = {isa = PBXBuildFile; fileRef = B0A072D31F39EBAE001B8CC6 /* constraints.png */; };
		B0C2F5FA1F20FEB700805B26 /* StretchScrollView.gif in Resources */ = {isa = PBXBuildFile; fileRef = B0C2F5F91F20FEB700805B26 /* StretchScrollView.gif */; };
		B0C2F5FC1F20FEE400805B26 /* customClass.png in Resources */ = {isa = PBXBuildFile; fileRef = B0C2F5FB1F20FEE400805B26 /* customClass.png */; };
		B0C2F5FF1F20FF7400805B26 /* options.png in Resources */ = {isa = PBXBuildFile; fileRef = B0C2F5FD1F20FF7400805B26 /* options.png */; };
		B0C2F6001F20FF7400805B26 /* outlets.png in Resources */ = {isa = PBXBuildFile; fileRef = B0C2F5FE1F20FF7400805B26 /* outlets.png */; };
/* End PBXBuildFile section */

/* Begin PBXContainerItemProxy section */
		607FACE61AFB9204008FA782 /* PBXContainerItemProxy */ = {
			isa = PBXContainerItemProxy;
			containerPortal = 607FACC81AFB9204008FA782 /* Project object */;
			proxyType = 1;
			remoteGlobalIDString = 607FACCF1AFB9204008FA782;
			remoteInfo = StretchScrollView;
		};
/* End PBXContainerItemProxy section */

/* Begin PBXFileReference section */
		0C106D0564E957A4B82F4834 /* Pods-StretchScrollView_Tests.release.xcconfig */ = {isa = PBXFileReference; includeInIndex = 1; lastKnownFileType = text.xcconfig; name = "Pods-StretchScrollView_Tests.release.xcconfig"; path = "Pods/Target Support Files/Pods-StretchScrollView_Tests/Pods-StretchScrollView_Tests.release.xcconfig"; sourceTree = "<group>"; };
		0D19EB4A2625931C004850BC /* Package.swift */ = {isa = PBXFileReference; lastKnownFileType = sourcecode.swift; name = Package.swift; path = ../Package.swift; sourceTree = "<group>"; };
		0D19EB4B26259695004850BC /* carthageUpdate.command */ = {isa = PBXFileReference; lastKnownFileType = text.script.sh; name = carthageUpdate.command; path = ../Scripts/Carthage/carthageUpdate.command; sourceTree = "<group>"; };
		123B7B7555C577DB358D326C /* .cocoadocs.yml */ = {isa = PBXFileReference; includeInIndex = 1; lastKnownFileType = text; name = .cocoadocs.yml; path = ../.cocoadocs.yml; sourceTree = "<group>"; };
		3FEFEFAD8AAFFAE83C40D7C3 /* Pods_StretchScrollView_Example.framework */ = {isa = PBXFileReference; explicitFileType = wrapper.framework; includeInIndex = 0; path = Pods_StretchScrollView_Example.framework; sourceTree = BUILT_PRODUCTS_DIR; };
		46C606709FE24B20C39B672D /* .gitignore */ = {isa = PBXFileReference; includeInIndex = 1; lastKnownFileType = text; name = .gitignore; path = ../.gitignore; sourceTree = "<group>"; };
		607FACD01AFB9204008FA782 /* StretchScrollView_Example.app */ = {isa = PBXFileReference; explicitFileType = wrapper.application; includeInIndex = 0; path = StretchScrollView_Example.app; sourceTree = BUILT_PRODUCTS_DIR; };
		607FACD41AFB9204008FA782 /* Info.plist */ = {isa = PBXFileReference; lastKnownFileType = text.plist.xml; path = Info.plist; sourceTree = "<group>"; };
		607FACD51AFB9204008FA782 /* AppDelegate.swift */ = {isa = PBXFileReference; lastKnownFileType = sourcecode.swift; path = AppDelegate.swift; sourceTree = "<group>"; };
		607FACD71AFB9204008FA782 /* ViewController.swift */ = {isa = PBXFileReference; lastKnownFileType = sourcecode.swift; path = ViewController.swift; sourceTree = "<group>"; };
		607FACDA1AFB9204008FA782 /* Base */ = {isa = PBXFileReference; lastKnownFileType = file.storyboard; name = Base; path = Base.lproj/Main.storyboard; sourceTree = "<group>"; };
		607FACDC1AFB9204008FA782 /* Images.xcassets */ = {isa = PBXFileReference; lastKnownFileType = folder.assetcatalog; path = Images.xcassets; sourceTree = "<group>"; };
		607FACDF1AFB9204008FA782 /* Base */ = {isa = PBXFileReference; lastKnownFileType = file.xib; name = Base; path = Base.lproj/LaunchScreen.xib; sourceTree = "<group>"; };
		607FACE51AFB9204008FA782 /* StretchScrollView_Tests.xctest */ = {isa = PBXFileReference; explicitFileType = wrapper.cfbundle; includeInIndex = 0; path = StretchScrollView_Tests.xctest; sourceTree = BUILT_PRODUCTS_DIR; };
		607FACEA1AFB9204008FA782 /* Info.plist */ = {isa = PBXFileReference; lastKnownFileType = text.plist.xml; path = Info.plist; sourceTree = "<group>"; };
		607FACEB1AFB9204008FA782 /* Tests.swift */ = {isa = PBXFileReference; lastKnownFileType = sourcecode.swift; path = Tests.swift; sourceTree = "<group>"; };
		60918A1E510DF6447EEA1A17 /* Pods_StretchScrollView_Tests.framework */ = {isa = PBXFileReference; explicitFileType = wrapper.framework; includeInIndex = 0; path = Pods_StretchScrollView_Tests.framework; sourceTree = BUILT_PRODUCTS_DIR; };
		7A087634CE84488B9510DF84 /* Pods-StretchScrollView_Tests.debug.xcconfig */ = {isa = PBXFileReference; includeInIndex = 1; lastKnownFileType = text.xcconfig; name = "Pods-StretchScrollView_Tests.debug.xcconfig"; path = "Pods/Target Support Files/Pods-StretchScrollView_Tests/Pods-StretchScrollView_Tests.debug.xcconfig"; sourceTree = "<group>"; };
		8068D7C1D602F758D1E2EA08 /* StretchScrollView.podspec */ = {isa = PBXFileReference; includeInIndex = 1; lastKnownFileType = text; name = StretchScrollView.podspec; path = ../StretchScrollView.podspec; sourceTree = "<group>"; xcLanguageSpecificationIdentifier = xcode.lang.ruby; };
		81FF47BB9B0F09FA4D544006 /* podCheck.command */ = {isa = PBXFileReference; includeInIndex = 1; lastKnownFileType = text.script.sh; name = podCheck.command; path = ../podCheck.command; sourceTree = "<group>"; };
		88EFA83E35A41E80A610B851 /* LICENSE */ = {isa = PBXFileReference; includeInIndex = 1; lastKnownFileType = text; name = LICENSE; path = ../LICENSE; sourceTree = "<group>"; };
		A01BC4B8417019BB3834CAF7 /* CHANGELOG.md */ = {isa = PBXFileReference; includeInIndex = 1; lastKnownFileType = net.daringfireball.markdown; name = CHANGELOG.md; path = ../CHANGELOG.md; sourceTree = "<group>"; };
		A4D03A549CB8FAECFFEAD8CF /* Pods-StretchScrollView_Example.debug.xcconfig */ = {isa = PBXFileReference; includeInIndex = 1; lastKnownFileType = text.xcconfig; name = "Pods-StretchScrollView_Example.debug.xcconfig"; path = "Pods/Target Support Files/Pods-StretchScrollView_Example/Pods-StretchScrollView_Example.debug.xcconfig"; sourceTree = "<group>"; };
		B02C3D6921EC8B4C008DE799 /* DEPLOY PROCESS.md */ = {isa = PBXFileReference; fileEncoding = 4; lastKnownFileType = net.daringfireball.markdown; path = "DEPLOY PROCESS.md"; sourceTree = "<group>"; };
		B02C3D6D21EC8C1B008DE799 /* checkBuild.command */ = {isa = PBXFileReference; lastKnownFileType = text.script.sh; name = checkBuild.command; path = ../checkBuild.command; sourceTree = "<group>"; };
		B078A08121ECC8E90005EC15 /* FromCodeVC.swift */ = {isa = PBXFileReference; lastKnownFileType = sourcecode.swift; path = FromCodeVC.swift; sourceTree = "<group>"; };
		B0A072CD1F39DF4A001B8CC6 /* contentMode.png */ = {isa = PBXFileReference; lastKnownFileType = image.png; path = contentMode.png; sourceTree = "<group>"; };
		B0A072D11F39E929001B8CC6 /* constraints2.png */ = {isa = PBXFileReference; lastKnownFileType = image.png; path = constraints2.png; sourceTree = "<group>"; };
		B0A072D31F39EBAE001B8CC6 /* constraints.png */ = {isa = PBXFileReference; lastKnownFileType = image.png; path = constraints.png; sourceTree = "<group>"; };
		B0C2F5F91F20FEB700805B26 /* StretchScrollView.gif */ = {isa = PBXFileReference; lastKnownFileType = image.gif; path = StretchScrollView.gif; sourceTree = "<group>"; };
		B0C2F5FB1F20FEE400805B26 /* customClass.png */ = {isa = PBXFileReference; lastKnownFileType = image.png; path = customClass.png; sourceTree = "<group>"; };
		B0C2F5FD1F20FF7400805B26 /* options.png */ = {isa = PBXFileReference; lastKnownFileType = image.png; path = options.png; sourceTree = "<group>"; };
		B0C2F5FE1F20FF7400805B26 /* outlets.png */ = {isa = PBXFileReference; lastKnownFileType = image.png; path = outlets.png; sourceTree = "<group>"; };
		B4EEBC2CD7F5CD10A5AD6DA1 /* .travis.yml */ = {isa = PBXFileReference; includeInIndex = 1; lastKnownFileType = text; name = .travis.yml; path = ../.travis.yml; sourceTree = "<group>"; };
		BD431106B83DB8A746A6DA4D /* Pods-StretchScrollView_Example.release.xcconfig */ = {isa = PBXFileReference; includeInIndex = 1; lastKnownFileType = text.xcconfig; name = "Pods-StretchScrollView_Example.release.xcconfig"; path = "Pods/Target Support Files/Pods-StretchScrollView_Example/Pods-StretchScrollView_Example.release.xcconfig"; sourceTree = "<group>"; };
		CF654993D734B5AB8BCEB020 /* README.md */ = {isa = PBXFileReference; includeInIndex = 1; lastKnownFileType = net.daringfireball.markdown; name = README.md; path = ../README.md; sourceTree = "<group>"; };
		F0E910E8E6A00D7C17F0567A /* podPush.command */ = {isa = PBXFileReference; includeInIndex = 1; lastKnownFileType = text.script.sh; name = podPush.command; path = ../podPush.command; sourceTree = "<group>"; };
/* End PBXFileReference section */

/* Begin PBXFrameworksBuildPhase section */
		607FACCD1AFB9204008FA782 /* Frameworks */ = {
			isa = PBXFrameworksBuildPhase;
			buildActionMask = 2147483647;
			files = (
				1981E400178D763E92618D81 /* Pods_StretchScrollView_Example.framework in Frameworks */,
			);
			runOnlyForDeploymentPostprocessing = 0;
		};
		607FACE21AFB9204008FA782 /* Frameworks */ = {
			isa = PBXFrameworksBuildPhase;
			buildActionMask = 2147483647;
			files = (
				AE66E9E765FE48F8F42F99C7 /* Pods_StretchScrollView_Tests.framework in Frameworks */,
			);
			runOnlyForDeploymentPostprocessing = 0;
		};
/* End PBXFrameworksBuildPhase section */

/* Begin PBXGroup section */
		26570C2E27F793C978C922A4 /* Frameworks */ = {
			isa = PBXGroup;
			children = (
				3FEFEFAD8AAFFAE83C40D7C3 /* Pods_StretchScrollView_Example.framework */,
				60918A1E510DF6447EEA1A17 /* Pods_StretchScrollView_Tests.framework */,
			);
			name = Frameworks;
			sourceTree = "<group>";
		};
		607FACC71AFB9204008FA782 = {
			isa = PBXGroup;
			children = (
				607FACF51AFB993E008FA782 /* Podspec Metadata */,
				607FACD21AFB9204008FA782 /* Example for StretchScrollView */,
				607FACE81AFB9204008FA782 /* Tests */,
				607FACD11AFB9204008FA782 /* Products */,
				7B741E49B086F6DCD1637C22 /* Pods */,
				26570C2E27F793C978C922A4 /* Frameworks */,
			);
			sourceTree = "<group>";
		};
		607FACD11AFB9204008FA782 /* Products */ = {
			isa = PBXGroup;
			children = (
				607FACD01AFB9204008FA782 /* StretchScrollView_Example.app */,
				607FACE51AFB9204008FA782 /* StretchScrollView_Tests.xctest */,
			);
			name = Products;
			sourceTree = "<group>";
		};
		607FACD21AFB9204008FA782 /* Example for StretchScrollView */ = {
			isa = PBXGroup;
			children = (
				B06688E51F13EAB800A02878 /* _Gifs */,
				B06688E41F13EAB300A02878 /* _Images */,
				607FACD31AFB9204008FA782 /* _Supporting Files */,
				607FACD51AFB9204008FA782 /* AppDelegate.swift */,
				607FACDC1AFB9204008FA782 /* Images.xcassets */,
				607FACDE1AFB9204008FA782 /* LaunchScreen.xib */,
				607FACD91AFB9204008FA782 /* Main.storyboard */,
				607FACD71AFB9204008FA782 /* ViewController.swift */,
				B078A08121ECC8E90005EC15 /* FromCodeVC.swift */,
			);
			name = "Example for StretchScrollView";
			path = StretchScrollView;
			sourceTree = "<group>";
		};
		607FACD31AFB9204008FA782 /* _Supporting Files */ = {
			isa = PBXGroup;
			children = (
				607FACD41AFB9204008FA782 /* Info.plist */,
			);
			name = "_Supporting Files";
			sourceTree = "<group>";
		};
		607FACE81AFB9204008FA782 /* Tests */ = {
			isa = PBXGroup;
			children = (
				607FACE91AFB9204008FA782 /* _Supporting Files */,
				607FACEB1AFB9204008FA782 /* Tests.swift */,
			);
			path = Tests;
			sourceTree = "<group>";
		};
		607FACE91AFB9204008FA782 /* _Supporting Files */ = {
			isa = PBXGroup;
			children = (
				607FACEA1AFB9204008FA782 /* Info.plist */,
			);
			name = "_Supporting Files";
			sourceTree = "<group>";
		};
		607FACF51AFB993E008FA782 /* Podspec Metadata */ = {
			isa = PBXGroup;
			children = (
				123B7B7555C577DB358D326C /* .cocoadocs.yml */,
				46C606709FE24B20C39B672D /* .gitignore */,
				B4EEBC2CD7F5CD10A5AD6DA1 /* .travis.yml */,
				A01BC4B8417019BB3834CAF7 /* CHANGELOG.md */,
				B02C3D6D21EC8C1B008DE799 /* checkBuild.command */,
				0D19EB4B26259695004850BC /* carthageUpdate.command */,
				B02C3D6921EC8B4C008DE799 /* DEPLOY PROCESS.md */,
				88EFA83E35A41E80A610B851 /* LICENSE */,
				81FF47BB9B0F09FA4D544006 /* podCheck.command */,
				F0E910E8E6A00D7C17F0567A /* podPush.command */,
				CF654993D734B5AB8BCEB020 /* README.md */,
				8068D7C1D602F758D1E2EA08 /* StretchScrollView.podspec */,
				0D19EB4A2625931C004850BC /* Package.swift */,
			);
			name = "Podspec Metadata";
			sourceTree = "<group>";
		};
		7B741E49B086F6DCD1637C22 /* Pods */ = {
			isa = PBXGroup;
			children = (
				A4D03A549CB8FAECFFEAD8CF /* Pods-StretchScrollView_Example.debug.xcconfig */,
				BD431106B83DB8A746A6DA4D /* Pods-StretchScrollView_Example.release.xcconfig */,
				7A087634CE84488B9510DF84 /* Pods-StretchScrollView_Tests.debug.xcconfig */,
				0C106D0564E957A4B82F4834 /* Pods-StretchScrollView_Tests.release.xcconfig */,
			);
			name = Pods;
			sourceTree = "<group>";
		};
		B06688E41F13EAB300A02878 /* _Images */ = {
			isa = PBXGroup;
			children = (
				B0A072D31F39EBAE001B8CC6 /* constraints.png */,
				B0A072D11F39E929001B8CC6 /* constraints2.png */,
				B0A072CD1F39DF4A001B8CC6 /* contentMode.png */,
				B0C2F5FB1F20FEE400805B26 /* customClass.png */,
				B0C2F5FD1F20FF7400805B26 /* options.png */,
				B0C2F5FE1F20FF7400805B26 /* outlets.png */,
			);
			name = _Images;
			sourceTree = "<group>";
		};
		B06688E51F13EAB800A02878 /* _Gifs */ = {
			isa = PBXGroup;
			children = (
				B0C2F5F91F20FEB700805B26 /* StretchScrollView.gif */,
			);
			name = _Gifs;
			sourceTree = "<group>";
		};
/* End PBXGroup section */

/* Begin PBXNativeTarget section */
		607FACCF1AFB9204008FA782 /* StretchScrollView_Example */ = {
			isa = PBXNativeTarget;
			buildConfigurationList = 607FACEF1AFB9204008FA782 /* Build configuration list for PBXNativeTarget "StretchScrollView_Example" */;
			buildPhases = (
				64AF88E02EC04FD174EF39BB /* [CP] Check Pods Manifest.lock */,
				607FACCC1AFB9204008FA782 /* Sources */,
				607FACCD1AFB9204008FA782 /* Frameworks */,
				607FACCE1AFB9204008FA782 /* Resources */,
				BCDDD009CD4E51DB49BF367A /* [CP] Embed Pods Frameworks */,
			);
			buildRules = (
			);
			dependencies = (
			);
			name = StretchScrollView_Example;
			productName = StretchScrollView;
			productReference = 607FACD01AFB9204008FA782 /* StretchScrollView_Example.app */;
			productType = "com.apple.product-type.application";
		};
		607FACE41AFB9204008FA782 /* StretchScrollView_Tests */ = {
			isa = PBXNativeTarget;
			buildConfigurationList = 607FACF21AFB9204008FA782 /* Build configuration list for PBXNativeTarget "StretchScrollView_Tests" */;
			buildPhases = (
				B3F627D9963445FFD47CEE9C /* [CP] Check Pods Manifest.lock */,
				607FACE11AFB9204008FA782 /* Sources */,
				607FACE21AFB9204008FA782 /* Frameworks */,
				607FACE31AFB9204008FA782 /* Resources */,
				47F0CAA34C0210D5A496DE33 /* [CP] Embed Pods Frameworks */,
			);
			buildRules = (
			);
			dependencies = (
				607FACE71AFB9204008FA782 /* PBXTargetDependency */,
			);
			name = StretchScrollView_Tests;
			productName = Tests;
			productReference = 607FACE51AFB9204008FA782 /* StretchScrollView_Tests.xctest */;
			productType = "com.apple.product-type.bundle.unit-test";
		};
/* End PBXNativeTarget section */

/* Begin PBXProject section */
		607FACC81AFB9204008FA782 /* Project object */ = {
			isa = PBXProject;
			attributes = {
				LastSwiftUpdateCheck = 0720;
				LastUpgradeCheck = 1240;
				ORGANIZATIONNAME = CocoaPods;
				TargetAttributes = {
					607FACCF1AFB9204008FA782 = {
						CreatedOnToolsVersion = 6.3.1;
						LastSwiftMigration = 1010;
					};
					607FACE41AFB9204008FA782 = {
						CreatedOnToolsVersion = 6.3.1;
						LastSwiftMigration = 1010;
						TestTargetID = 607FACCF1AFB9204008FA782;
					};
				};
			};
			buildConfigurationList = 607FACCB1AFB9204008FA782 /* Build configuration list for PBXProject "StretchScrollView" */;
			compatibilityVersion = "Xcode 3.2";
			developmentRegion = en;
			hasScannedForEncodings = 0;
			knownRegions = (
				en,
				Base,
			);
			mainGroup = 607FACC71AFB9204008FA782;
			productRefGroup = 607FACD11AFB9204008FA782 /* Products */;
			projectDirPath = "";
			projectRoot = "";
			targets = (
				607FACCF1AFB9204008FA782 /* StretchScrollView_Example */,
				607FACE41AFB9204008FA782 /* StretchScrollView_Tests */,
			);
		};
/* End PBXProject section */

/* Begin PBXResourcesBuildPhase section */
		607FACCE1AFB9204008FA782 /* Resources */ = {
			isa = PBXResourcesBuildPhase;
			buildActionMask = 2147483647;
			files = (
				B0C2F5FC1F20FEE400805B26 /* customClass.png in Resources */,
				B0A072D41F39EBAE001B8CC6 /* constraints.png in Resources */,
				B0A072D21F39E929001B8CC6 /* constraints2.png in Resources */,
				B0C2F5FA1F20FEB700805B26 /* StretchScrollView.gif in Resources */,
				B0C2F5FF1F20FF7400805B26 /* options.png in Resources */,
				B0A072CE1F39DF4A001B8CC6 /* contentMode.png in Resources */,
				607FACDB1AFB9204008FA782 /* Main.storyboard in Resources */,
				607FACE01AFB9204008FA782 /* LaunchScreen.xib in Resources */,
				B0C2F6001F20FF7400805B26 /* outlets.png in Resources */,
				607FACDD1AFB9204008FA782 /* Images.xcassets in Resources */,
			);
			runOnlyForDeploymentPostprocessing = 0;
		};
		607FACE31AFB9204008FA782 /* Resources */ = {
			isa = PBXResourcesBuildPhase;
			buildActionMask = 2147483647;
			files = (
			);
			runOnlyForDeploymentPostprocessing = 0;
		};
/* End PBXResourcesBuildPhase section */

/* Begin PBXShellScriptBuildPhase section */
		47F0CAA34C0210D5A496DE33 /* [CP] Embed Pods Frameworks */ = {
			isa = PBXShellScriptBuildPhase;
			buildActionMask = 2147483647;
			files = (
			);
			inputPaths = (
				"${PODS_ROOT}/Target Support Files/Pods-StretchScrollView_Tests/Pods-StretchScrollView_Tests-frameworks.sh",
				"${BUILT_PRODUCTS_DIR}/FBSnapshotTestCase/FBSnapshotTestCase.framework",
				"${BUILT_PRODUCTS_DIR}/Nimble/Nimble.framework",
				"${BUILT_PRODUCTS_DIR}/Nimble-Snapshots/Nimble_Snapshots.framework",
				"${BUILT_PRODUCTS_DIR}/Quick/Quick.framework",
				"${BUILT_PRODUCTS_DIR}/iOSSnapshotTestCase/FBSnapshotTestCase.framework",
			);
			name = "[CP] Embed Pods Frameworks";
			outputPaths = (
				"${TARGET_BUILD_DIR}/${FRAMEWORKS_FOLDER_PATH}/FBSnapshotTestCase.framework",
				"${TARGET_BUILD_DIR}/${FRAMEWORKS_FOLDER_PATH}/Nimble.framework",
				"${TARGET_BUILD_DIR}/${FRAMEWORKS_FOLDER_PATH}/Nimble_Snapshots.framework",
				"${TARGET_BUILD_DIR}/${FRAMEWORKS_FOLDER_PATH}/Quick.framework",
			);
			runOnlyForDeploymentPostprocessing = 0;
			shellPath = /bin/sh;
			shellScript = "\"${PODS_ROOT}/Target Support Files/Pods-StretchScrollView_Tests/Pods-StretchScrollView_Tests-frameworks.sh\"\n";
			showEnvVarsInLog = 0;
		};
		64AF88E02EC04FD174EF39BB /* [CP] Check Pods Manifest.lock */ = {
			isa = PBXShellScriptBuildPhase;
			buildActionMask = 2147483647;
			files = (
			);
			inputPaths = (
				"${PODS_PODFILE_DIR_PATH}/Podfile.lock",
				"${PODS_ROOT}/Manifest.lock",
			);
			name = "[CP] Check Pods Manifest.lock";
			outputPaths = (
				"$(DERIVED_FILE_DIR)/Pods-StretchScrollView_Example-checkManifestLockResult.txt",
			);
			runOnlyForDeploymentPostprocessing = 0;
			shellPath = /bin/sh;
			shellScript = "diff \"${PODS_PODFILE_DIR_PATH}/Podfile.lock\" \"${PODS_ROOT}/Manifest.lock\" > /dev/null\nif [ $? != 0 ] ; then\n    # print error to STDERR\n    echo \"error: The sandbox is not in sync with the Podfile.lock. Run 'pod install' or update your CocoaPods installation.\" >&2\n    exit 1\nfi\n# This output is used by Xcode 'outputs' to avoid re-running this script phase.\necho \"SUCCESS\" > \"${SCRIPT_OUTPUT_FILE_0}\"\n";
			showEnvVarsInLog = 0;
		};
		B3F627D9963445FFD47CEE9C /* [CP] Check Pods Manifest.lock */ = {
			isa = PBXShellScriptBuildPhase;
			buildActionMask = 2147483647;
			files = (
			);
			inputPaths = (
				"${PODS_PODFILE_DIR_PATH}/Podfile.lock",
				"${PODS_ROOT}/Manifest.lock",
			);
			name = "[CP] Check Pods Manifest.lock";
			outputPaths = (
				"$(DERIVED_FILE_DIR)/Pods-StretchScrollView_Tests-checkManifestLockResult.txt",
			);
			runOnlyForDeploymentPostprocessing = 0;
			shellPath = /bin/sh;
			shellScript = "diff \"${PODS_PODFILE_DIR_PATH}/Podfile.lock\" \"${PODS_ROOT}/Manifest.lock\" > /dev/null\nif [ $? != 0 ] ; then\n    # print error to STDERR\n    echo \"error: The sandbox is not in sync with the Podfile.lock. Run 'pod install' or update your CocoaPods installation.\" >&2\n    exit 1\nfi\n# This output is used by Xcode 'outputs' to avoid re-running this script phase.\necho \"SUCCESS\" > \"${SCRIPT_OUTPUT_FILE_0}\"\n";
			showEnvVarsInLog = 0;
		};
		BCDDD009CD4E51DB49BF367A /* [CP] Embed Pods Frameworks */ = {
			isa = PBXShellScriptBuildPhase;
			buildActionMask = 2147483647;
			files = (
			);
			inputPaths = (
				"${PODS_ROOT}/Target Support Files/Pods-StretchScrollView_Example/Pods-StretchScrollView_Example-frameworks.sh",
				"${BUILT_PRODUCTS_DIR}/APExtensions/APExtensions.framework",
				"${BUILT_PRODUCTS_DIR}/BaseClasses/BaseClasses.framework",
				"${BUILT_PRODUCTS_DIR}/LogsManager/LogsManager.framework",
				"${BUILT_PRODUCTS_DIR}/StretchScrollView/StretchScrollView.framework",
				"${BUILT_PRODUCTS_DIR}/ViewState/ViewState.framework",
			);
			name = "[CP] Embed Pods Frameworks";
			outputPaths = (
				"${TARGET_BUILD_DIR}/${FRAMEWORKS_FOLDER_PATH}/APExtensions.framework",
				"${TARGET_BUILD_DIR}/${FRAMEWORKS_FOLDER_PATH}/BaseClasses.framework",
				"${TARGET_BUILD_DIR}/${FRAMEWORKS_FOLDER_PATH}/LogsManager.framework",
				"${TARGET_BUILD_DIR}/${FRAMEWORKS_FOLDER_PATH}/StretchScrollView.framework",
				"${TARGET_BUILD_DIR}/${FRAMEWORKS_FOLDER_PATH}/ViewState.framework",
			);
			runOnlyForDeploymentPostprocessing = 0;
			shellPath = /bin/sh;
			shellScript = "\"${PODS_ROOT}/Target Support Files/Pods-StretchScrollView_Example/Pods-StretchScrollView_Example-frameworks.sh\"\n";
			showEnvVarsInLog = 0;
		};
/* End PBXShellScriptBuildPhase section */

/* Begin PBXSourcesBuildPhase section */
		607FACCC1AFB9204008FA782 /* Sources */ = {
			isa = PBXSourcesBuildPhase;
			buildActionMask = 2147483647;
			files = (
				607FACD81AFB9204008FA782 /* ViewController.swift in Sources */,
				B078A08221ECC8E90005EC15 /* FromCodeVC.swift in Sources */,
				607FACD61AFB9204008FA782 /* AppDelegate.swift in Sources */,
			);
			runOnlyForDeploymentPostprocessing = 0;
		};
		607FACE11AFB9204008FA782 /* Sources */ = {
			isa = PBXSourcesBuildPhase;
			buildActionMask = 2147483647;
			files = (
				607FACEC1AFB9204008FA782 /* Tests.swift in Sources */,
			);
			runOnlyForDeploymentPostprocessing = 0;
		};
/* End PBXSourcesBuildPhase section */

/* Begin PBXTargetDependency section */
		607FACE71AFB9204008FA782 /* PBXTargetDependency */ = {
			isa = PBXTargetDependency;
			target = 607FACCF1AFB9204008FA782 /* StretchScrollView_Example */;
			targetProxy = 607FACE61AFB9204008FA782 /* PBXContainerItemProxy */;
		};
/* End PBXTargetDependency section */

/* Begin PBXVariantGroup section */
		607FACD91AFB9204008FA782 /* Main.storyboard */ = {
			isa = PBXVariantGroup;
			children = (
				607FACDA1AFB9204008FA782 /* Base */,
			);
			name = Main.storyboard;
			sourceTree = "<group>";
		};
		607FACDE1AFB9204008FA782 /* LaunchScreen.xib */ = {
			isa = PBXVariantGroup;
			children = (
				607FACDF1AFB9204008FA782 /* Base */,
			);
			name = LaunchScreen.xib;
			sourceTree = "<group>";
		};
/* End PBXVariantGroup section */

/* Begin XCBuildConfiguration section */
		607FACED1AFB9204008FA782 /* Debug */ = {
			isa = XCBuildConfiguration;
			buildSettings = {
				ALWAYS_SEARCH_USER_PATHS = NO;
				CLANG_ANALYZER_LOCALIZABILITY_NONLOCALIZED = YES;
				CLANG_CXX_LANGUAGE_STANDARD = "gnu++0x";
				CLANG_CXX_LIBRARY = "libc++";
				CLANG_ENABLE_MODULES = YES;
				CLANG_ENABLE_OBJC_ARC = YES;
				CLANG_WARN_BLOCK_CAPTURE_AUTORELEASING = YES;
				CLANG_WARN_BOOL_CONVERSION = YES;
				CLANG_WARN_COMMA = YES;
				CLANG_WARN_CONSTANT_CONVERSION = YES;
				CLANG_WARN_DEPRECATED_OBJC_IMPLEMENTATIONS = YES;
				CLANG_WARN_DIRECT_OBJC_ISA_USAGE = YES_ERROR;
				CLANG_WARN_EMPTY_BODY = YES;
				CLANG_WARN_ENUM_CONVERSION = YES;
				CLANG_WARN_INFINITE_RECURSION = YES;
				CLANG_WARN_INT_CONVERSION = YES;
				CLANG_WARN_NON_LITERAL_NULL_CONVERSION = YES;
				CLANG_WARN_OBJC_IMPLICIT_RETAIN_SELF = YES;
				CLANG_WARN_OBJC_LITERAL_CONVERSION = YES;
				CLANG_WARN_OBJC_ROOT_CLASS = YES_ERROR;
				CLANG_WARN_RANGE_LOOP_ANALYSIS = YES;
				CLANG_WARN_STRICT_PROTOTYPES = YES;
				CLANG_WARN_SUSPICIOUS_MOVE = YES;
				CLANG_WARN_UNREACHABLE_CODE = YES;
				CLANG_WARN__DUPLICATE_METHOD_MATCH = YES;
				"CODE_SIGN_IDENTITY[sdk=iphoneos*]" = "iPhone Developer";
				COPY_PHASE_STRIP = NO;
				DEBUG_INFORMATION_FORMAT = "dwarf-with-dsym";
				ENABLE_STRICT_OBJC_MSGSEND = YES;
				ENABLE_TESTABILITY = YES;
				GCC_C_LANGUAGE_STANDARD = gnu99;
				GCC_DYNAMIC_NO_PIC = NO;
				GCC_NO_COMMON_BLOCKS = YES;
				GCC_OPTIMIZATION_LEVEL = 0;
				GCC_PREPROCESSOR_DEFINITIONS = (
					"DEBUG=1",
					"$(inherited)",
				);
				GCC_SYMBOLS_PRIVATE_EXTERN = NO;
				GCC_WARN_64_TO_32_BIT_CONVERSION = YES;
				GCC_WARN_ABOUT_RETURN_TYPE = YES_ERROR;
				GCC_WARN_UNDECLARED_SELECTOR = YES;
				GCC_WARN_UNINITIALIZED_AUTOS = YES_AGGRESSIVE;
				GCC_WARN_UNUSED_FUNCTION = YES;
				GCC_WARN_UNUSED_VARIABLE = YES;
				IPHONEOS_DEPLOYMENT_TARGET = 9.0;
				MTL_ENABLE_DEBUG_INFO = YES;
				ONLY_ACTIVE_ARCH = YES;
				SDKROOT = iphoneos;
				SWIFT_OPTIMIZATION_LEVEL = "-Onone";
				SWIFT_VERSION = 5.0;
			};
			name = Debug;
		};
		607FACEE1AFB9204008FA782 /* Release */ = {
			isa = XCBuildConfiguration;
			buildSettings = {
				ALWAYS_SEARCH_USER_PATHS = NO;
				CLANG_ANALYZER_LOCALIZABILITY_NONLOCALIZED = YES;
				CLANG_CXX_LANGUAGE_STANDARD = "gnu++0x";
				CLANG_CXX_LIBRARY = "libc++";
				CLANG_ENABLE_MODULES = YES;
				CLANG_ENABLE_OBJC_ARC = YES;
				CLANG_WARN_BLOCK_CAPTURE_AUTORELEASING = YES;
				CLANG_WARN_BOOL_CONVERSION = YES;
				CLANG_WARN_COMMA = YES;
				CLANG_WARN_CONSTANT_CONVERSION = YES;
				CLANG_WARN_DEPRECATED_OBJC_IMPLEMENTATIONS = YES;
				CLANG_WARN_DIRECT_OBJC_ISA_USAGE = YES_ERROR;
				CLANG_WARN_EMPTY_BODY = YES;
				CLANG_WARN_ENUM_CONVERSION = YES;
				CLANG_WARN_INFINITE_RECURSION = YES;
				CLANG_WARN_INT_CONVERSION = YES;
				CLANG_WARN_NON_LITERAL_NULL_CONVERSION = YES;
				CLANG_WARN_OBJC_IMPLICIT_RETAIN_SELF = YES;
				CLANG_WARN_OBJC_LITERAL_CONVERSION = YES;
				CLANG_WARN_OBJC_ROOT_CLASS = YES_ERROR;
				CLANG_WARN_RANGE_LOOP_ANALYSIS = YES;
				CLANG_WARN_STRICT_PROTOTYPES = YES;
				CLANG_WARN_SUSPICIOUS_MOVE = YES;
				CLANG_WARN_UNREACHABLE_CODE = YES;
				CLANG_WARN__DUPLICATE_METHOD_MATCH = YES;
				"CODE_SIGN_IDENTITY[sdk=iphoneos*]" = "iPhone Developer";
				COPY_PHASE_STRIP = NO;
				DEBUG_INFORMATION_FORMAT = "dwarf-with-dsym";
				ENABLE_NS_ASSERTIONS = NO;
				ENABLE_STRICT_OBJC_MSGSEND = YES;
				GCC_C_LANGUAGE_STANDARD = gnu99;
				GCC_NO_COMMON_BLOCKS = YES;
				GCC_WARN_64_TO_32_BIT_CONVERSION = YES;
				GCC_WARN_ABOUT_RETURN_TYPE = YES_ERROR;
				GCC_WARN_UNDECLARED_SELECTOR = YES;
				GCC_WARN_UNINITIALIZED_AUTOS = YES_AGGRESSIVE;
				GCC_WARN_UNUSED_FUNCTION = YES;
				GCC_WARN_UNUSED_VARIABLE = YES;
				IPHONEOS_DEPLOYMENT_TARGET = 9.0;
				MTL_ENABLE_DEBUG_INFO = NO;
				SDKROOT = iphoneos;
				SWIFT_OPTIMIZATION_LEVEL = "-Owholemodule";
				SWIFT_VERSION = 5.0;
				VALIDATE_PRODUCT = YES;
			};
			name = Release;
		};
		607FACF01AFB9204008FA782 /* Debug */ = {
			isa = XCBuildConfiguration;
			baseConfigurationReference = A4D03A549CB8FAECFFEAD8CF /* Pods-StretchScrollView_Example.debug.xcconfig */;
			buildSettings = {
				ASSETCATALOG_COMPILER_APPICON_NAME = AppIcon;
				INFOPLIST_FILE = StretchScrollView/Info.plist;
				LD_RUNPATH_SEARCH_PATHS = "$(inherited) @executable_path/Frameworks";
				MODULE_NAME = ExampleApp;
				PRODUCT_BUNDLE_IDENTIFIER = "com.anton-plebanovich.StretchScrollView-Example${DEVELOPMENT_TEAM}";
				PRODUCT_NAME = "$(TARGET_NAME)";
			};
			name = Debug;
		};
		607FACF11AFB9204008FA782 /* Release */ = {
			isa = XCBuildConfiguration;
			baseConfigurationReference = BD431106B83DB8A746A6DA4D /* Pods-StretchScrollView_Example.release.xcconfig */;
			buildSettings = {
				ASSETCATALOG_COMPILER_APPICON_NAME = AppIcon;
				INFOPLIST_FILE = StretchScrollView/Info.plist;
				LD_RUNPATH_SEARCH_PATHS = "$(inherited) @executable_path/Frameworks";
				MODULE_NAME = ExampleApp;
				PRODUCT_BUNDLE_IDENTIFIER = "com.anton-plebanovich.StretchScrollView-Example${DEVELOPMENT_TEAM}";
				PRODUCT_NAME = "$(TARGET_NAME)";
			};
			name = Release;
		};
		607FACF31AFB9204008FA782 /* Debug */ = {
			isa = XCBuildConfiguration;
			baseConfigurationReference = 7A087634CE84488B9510DF84 /* Pods-StretchScrollView_Tests.debug.xcconfig */;
			buildSettings = {
				FRAMEWORK_SEARCH_PATHS = "$(inherited)";
				GCC_PREPROCESSOR_DEFINITIONS = (
					"DEBUG=1",
					"$(inherited)",
				);
				INFOPLIST_FILE = Tests/Info.plist;
				LD_RUNPATH_SEARCH_PATHS = "$(inherited) @executable_path/Frameworks @loader_path/Frameworks";
				PRODUCT_BUNDLE_IDENTIFIER = "com.anton-plebanovich.$(PRODUCT_NAME:rfc1034identifier)${DEVELOPMENT_TEAM}";
				PRODUCT_NAME = "$(TARGET_NAME)";
				TEST_HOST = "$(BUILT_PRODUCTS_DIR)/StretchScrollView_Example.app/StretchScrollView_Example";
			};
			name = Debug;
		};
		607FACF41AFB9204008FA782 /* Release */ = {
			isa = XCBuildConfiguration;
			baseConfigurationReference = 0C106D0564E957A4B82F4834 /* Pods-StretchScrollView_Tests.release.xcconfig */;
			buildSettings = {
				FRAMEWORK_SEARCH_PATHS = "$(inherited)";
				INFOPLIST_FILE = Tests/Info.plist;
				LD_RUNPATH_SEARCH_PATHS = "$(inherited) @executable_path/Frameworks @loader_path/Frameworks";
				PRODUCT_BUNDLE_IDENTIFIER = "com.anton-plebanovich.$(PRODUCT_NAME:rfc1034identifier)${DEVELOPMENT_TEAM}";
				PRODUCT_NAME = "$(TARGET_NAME)";
				TEST_HOST = "$(BUILT_PRODUCTS_DIR)/StretchScrollView_Example.app/StretchScrollView_Example";
			};
			name = Release;
		};
/* End XCBuildConfiguration section */

/* Begin XCConfigurationList section */
		607FACCB1AFB9204008FA782 /* Build configuration list for PBXProject "StretchScrollView" */ = {
			isa = XCConfigurationList;
			buildConfigurations = (
				607FACED1AFB9204008FA782 /* Debug */,
				607FACEE1AFB9204008FA782 /* Release */,
			);
			defaultConfigurationIsVisible = 0;
			defaultConfigurationName = Release;
		};
		607FACEF1AFB9204008FA782 /* Build configuration list for PBXNativeTarget "StretchScrollView_Example" */ = {
			isa = XCConfigurationList;
			buildConfigurations = (
				607FACF01AFB9204008FA782 /* Debug */,
				607FACF11AFB9204008FA782 /* Release */,
			);
			defaultConfigurationIsVisible = 0;
			defaultConfigurationName = Release;
		};
		607FACF21AFB9204008FA782 /* Build configuration list for PBXNativeTarget "StretchScrollView_Tests" */ = {
			isa = XCConfigurationList;
			buildConfigurations = (
				607FACF31AFB9204008FA782 /* Debug */,
				607FACF41AFB9204008FA782 /* Release */,
			);
			defaultConfigurationIsVisible = 0;
			defaultConfigurationName = Release;
		};
/* End XCConfigurationList section */
	};
	rootObject = 607FACC81AFB9204008FA782 /* Project object */;
}
